// !$*UTF8*$!
{
	archiveVersion = 1;
	classes = {
	};
	objectVersion = 46;
	objects = {

/* Begin PBXBuildFile section */
		EF2EC54E19536B9B00B64831 /* DesignableView.swift in Sources */ = {isa = PBXBuildFile; fileRef = EFC321F0195367B8003BB6D7 /* DesignableView.swift */; };
		EF32072819536B030012DC22 /* DesignableViews.h in Headers */ = {isa = PBXBuildFile; fileRef = EF32072719536B030012DC22 /* DesignableViews.h */; settings = {ATTRIBUTES = (Public, ); }; };
		EF32072E19536B030012DC22 /* DesignableViews.framework in Frameworks */ = {isa = PBXBuildFile; fileRef = EF32072319536B030012DC22 /* DesignableViews.framework */; };
		EF32073519536B030012DC22 /* DesignableViewsTests.swift in Sources */ = {isa = PBXBuildFile; fileRef = EF32073419536B030012DC22 /* DesignableViewsTests.swift */; };
		EF32073819536B030012DC22 /* DesignableViews.framework in Frameworks */ = {isa = PBXBuildFile; fileRef = EF32072319536B030012DC22 /* DesignableViews.framework */; };
		EF32073919536B030012DC22 /* DesignableViews.framework in Embed Frameworks */ = {isa = PBXBuildFile; fileRef = EF32072319536B030012DC22 /* DesignableViews.framework */; settings = {ATTRIBUTES = (CodeSignOnCopy, ); }; };
		EFC321D419536790003BB6D7 /* AppDelegate.swift in Sources */ = {isa = PBXBuildFile; fileRef = EFC321D319536790003BB6D7 /* AppDelegate.swift */; };
		EFC321D619536790003BB6D7 /* ViewController.swift in Sources */ = {isa = PBXBuildFile; fileRef = EFC321D519536790003BB6D7 /* ViewController.swift */; };
		EFC321D919536790003BB6D7 /* Main.storyboard in Resources */ = {isa = PBXBuildFile; fileRef = EFC321D719536790003BB6D7 /* Main.storyboard */; };
		EFC321DB19536790003BB6D7 /* Images.xcassets in Resources */ = {isa = PBXBuildFile; fileRef = EFC321DA19536790003BB6D7 /* Images.xcassets */; };
		EFC321E719536790003BB6D7 /* IBDesignableTests.swift in Sources */ = {isa = PBXBuildFile; fileRef = EFC321E619536790003BB6D7 /* IBDesignableTests.swift */; };
		EFE81BA219536D5C003E8380 /* checkers.png in Resources */ = {isa = PBXBuildFile; fileRef = EFE81BA119536D5C003E8380 /* checkers.png */; };
/* End PBXBuildFile section */

/* Begin PBXContainerItemProxy section */
		EF2EC54F19536BEF00B64831 /* PBXContainerItemProxy */ = {
			isa = PBXContainerItemProxy;
			containerPortal = EFC321C619536790003BB6D7 /* Project object */;
			proxyType = 1;
			remoteGlobalIDString = EF32072219536B030012DC22;
			remoteInfo = DesignableViews;
		};
		EF32072F19536B030012DC22 /* PBXContainerItemProxy */ = {
			isa = PBXContainerItemProxy;
			containerPortal = EFC321C619536790003BB6D7 /* Project object */;
			proxyType = 1;
			remoteGlobalIDString = EF32072219536B030012DC22;
			remoteInfo = DesignableViews;
		};
		EF32073619536B030012DC22 /* PBXContainerItemProxy */ = {
			isa = PBXContainerItemProxy;
			containerPortal = EFC321C619536790003BB6D7 /* Project object */;
			proxyType = 1;
			remoteGlobalIDString = EF32072219536B030012DC22;
			remoteInfo = DesignableViews;
		};
		EF32073A19536B030012DC22 /* PBXContainerItemProxy */ = {
			isa = PBXContainerItemProxy;
			containerPortal = EFC321C619536790003BB6D7 /* Project object */;
			proxyType = 1;
			remoteGlobalIDString = EF32072219536B030012DC22;
			remoteInfo = DesignableViews;
		};
		EF32074319536B040012DC22 /* PBXContainerItemProxy */ = {
			isa = PBXContainerItemProxy;
			containerPortal = EFC321C619536790003BB6D7 /* Project object */;
			proxyType = 1;
			remoteGlobalIDString = EF32072219536B030012DC22;
			remoteInfo = DesignableViews;
		};
		EFC321E119536790003BB6D7 /* PBXContainerItemProxy */ = {
			isa = PBXContainerItemProxy;
			containerPortal = EFC321C619536790003BB6D7 /* Project object */;
			proxyType = 1;
			remoteGlobalIDString = EFC321CD19536790003BB6D7;
			remoteInfo = IBDesignable;
		};
/* End PBXContainerItemProxy section */

/* Begin PBXCopyFilesBuildPhase section */
		EF32074119536B030012DC22 /* Embed Frameworks */ = {
			isa = PBXCopyFilesBuildPhase;
			buildActionMask = 2147483647;
			dstPath = "";
			dstSubfolderSpec = 10;
			files = (
				EF32073919536B030012DC22 /* DesignableViews.framework in Embed Frameworks */,
			);
			name = "Embed Frameworks";
			runOnlyForDeploymentPostprocessing = 0;
		};
/* End PBXCopyFilesBuildPhase section */

/* Begin PBXFileReference section */
		EF32072319536B030012DC22 /* DesignableViews.framework */ = {isa = PBXFileReference; explicitFileType = wrapper.framework; includeInIndex = 0; path = DesignableViews.framework; sourceTree = BUILT_PRODUCTS_DIR; };
		EF32072619536B030012DC22 /* Info.plist */ = {isa = PBXFileReference; lastKnownFileType = text.plist.xml; path = Info.plist; sourceTree = "<group>"; };
		EF32072719536B030012DC22 /* DesignableViews.h */ = {isa = PBXFileReference; lastKnownFileType = sourcecode.c.h; path = DesignableViews.h; sourceTree = "<group>"; };
		EF32072D19536B030012DC22 /* DesignableViewsTests.xctest */ = {isa = PBXFileReference; explicitFileType = wrapper.cfbundle; includeInIndex = 0; path = DesignableViewsTests.xctest; sourceTree = BUILT_PRODUCTS_DIR; };
		EF32073319536B030012DC22 /* Info.plist */ = {isa = PBXFileReference; lastKnownFileType = text.plist.xml; path = Info.plist; sourceTree = "<group>"; };
		EF32073419536B030012DC22 /* DesignableViewsTests.swift */ = {isa = PBXFileReference; lastKnownFileType = sourcecode.swift; path = DesignableViewsTests.swift; sourceTree = "<group>"; };
		EFC321CE19536790003BB6D7 /* IBDesignable.app */ = {isa = PBXFileReference; explicitFileType = wrapper.application; includeInIndex = 0; path = IBDesignable.app; sourceTree = BUILT_PRODUCTS_DIR; };
		EFC321D219536790003BB6D7 /* Info.plist */ = {isa = PBXFileReference; lastKnownFileType = text.plist.xml; path = Info.plist; sourceTree = "<group>"; };
		EFC321D319536790003BB6D7 /* AppDelegate.swift */ = {isa = PBXFileReference; lastKnownFileType = sourcecode.swift; path = AppDelegate.swift; sourceTree = "<group>"; };
		EFC321D519536790003BB6D7 /* ViewController.swift */ = {isa = PBXFileReference; lastKnownFileType = sourcecode.swift; path = ViewController.swift; sourceTree = "<group>"; };
		EFC321D819536790003BB6D7 /* Base */ = {isa = PBXFileReference; lastKnownFileType = file.storyboard; name = Base; path = Base.lproj/Main.storyboard; sourceTree = "<group>"; };
		EFC321DA19536790003BB6D7 /* Images.xcassets */ = {isa = PBXFileReference; lastKnownFileType = folder.assetcatalog; path = Images.xcassets; sourceTree = "<group>"; };
		EFC321E019536790003BB6D7 /* IBDesignableTests.xctest */ = {isa = PBXFileReference; explicitFileType = wrapper.cfbundle; includeInIndex = 0; path = IBDesignableTests.xctest; sourceTree = BUILT_PRODUCTS_DIR; };
		EFC321E519536790003BB6D7 /* Info.plist */ = {isa = PBXFileReference; lastKnownFileType = text.plist.xml; path = Info.plist; sourceTree = "<group>"; };
		EFC321E619536790003BB6D7 /* IBDesignableTests.swift */ = {isa = PBXFileReference; lastKnownFileType = sourcecode.swift; path = IBDesignableTests.swift; sourceTree = "<group>"; };
		EFC321F0195367B8003BB6D7 /* DesignableView.swift */ = {isa = PBXFileReference; fileEncoding = 4; lastKnownFileType = sourcecode.swift; name = DesignableView.swift; path = ../IBDesignable/DesignableView.swift; sourceTree = "<group>"; };
		EFE81BA119536D5C003E8380 /* checkers.png */ = {isa = PBXFileReference; lastKnownFileType = image.png; path = checkers.png; sourceTree = "<group>"; };
/* End PBXFileReference section */

/* Begin PBXFrameworksBuildPhase section */
		EF32071F19536B030012DC22 /* Frameworks */ = {
			isa = PBXFrameworksBuildPhase;
			buildActionMask = 2147483647;
			files = (
			);
			runOnlyForDeploymentPostprocessing = 0;
		};
		EF32072A19536B030012DC22 /* Frameworks */ = {
			isa = PBXFrameworksBuildPhase;
			buildActionMask = 2147483647;
			files = (
				EF32072E19536B030012DC22 /* DesignableViews.framework in Frameworks */,
			);
			runOnlyForDeploymentPostprocessing = 0;
		};
		EFC321CB19536790003BB6D7 /* Frameworks */ = {
			isa = PBXFrameworksBuildPhase;
			buildActionMask = 2147483647;
			files = (
				EF32073819536B030012DC22 /* DesignableViews.framework in Frameworks */,
			);
			runOnlyForDeploymentPostprocessing = 0;
		};
		EFC321DD19536790003BB6D7 /* Frameworks */ = {
			isa = PBXFrameworksBuildPhase;
			buildActionMask = 2147483647;
			files = (
			);
			runOnlyForDeploymentPostprocessing = 0;
		};
/* End PBXFrameworksBuildPhase section */

/* Begin PBXGroup section */
		EF32072419536B030012DC22 /* DesignableViews */ = {
			isa = PBXGroup;
			children = (
				EFC321F0195367B8003BB6D7 /* DesignableView.swift */,
				EF32072719536B030012DC22 /* DesignableViews.h */,
				EF32072519536B030012DC22 /* Supporting Files */,
			);
			path = DesignableViews;
			sourceTree = "<group>";
		};
		EF32072519536B030012DC22 /* Supporting Files */ = {
			isa = PBXGroup;
			children = (
				EF32072619536B030012DC22 /* Info.plist */,
			);
			name = "Supporting Files";
			sourceTree = "<group>";
		};
		EF32073119536B030012DC22 /* DesignableViewsTests */ = {
			isa = PBXGroup;
			children = (
				EF32073419536B030012DC22 /* DesignableViewsTests.swift */,
				EF32073219536B030012DC22 /* Supporting Files */,
			);
			path = DesignableViewsTests;
			sourceTree = "<group>";
		};
		EF32073219536B030012DC22 /* Supporting Files */ = {
			isa = PBXGroup;
			children = (
				EF32073319536B030012DC22 /* Info.plist */,
			);
			name = "Supporting Files";
			sourceTree = "<group>";
		};
		EFC321C519536790003BB6D7 = {
			isa = PBXGroup;
			children = (
				EFC321D019536790003BB6D7 /* IBDesignable */,
				EFC321E319536790003BB6D7 /* IBDesignableTests */,
				EF32072419536B030012DC22 /* DesignableViews */,
				EF32073119536B030012DC22 /* DesignableViewsTests */,
				EFC321CF19536790003BB6D7 /* Products */,
			);
			sourceTree = "<group>";
		};
		EFC321CF19536790003BB6D7 /* Products */ = {
			isa = PBXGroup;
			children = (
				EFC321CE19536790003BB6D7 /* IBDesignable.app */,
				EFC321E019536790003BB6D7 /* IBDesignableTests.xctest */,
				EF32072319536B030012DC22 /* DesignableViews.framework */,
				EF32072D19536B030012DC22 /* DesignableViewsTests.xctest */,
			);
			name = Products;
			sourceTree = "<group>";
		};
		EFC321D019536790003BB6D7 /* IBDesignable */ = {
			isa = PBXGroup;
			children = (
				EFE81BA119536D5C003E8380 /* checkers.png */,
				EFC321D319536790003BB6D7 /* AppDelegate.swift */,
				EFC321D519536790003BB6D7 /* ViewController.swift */,
				EFC321D719536790003BB6D7 /* Main.storyboard */,
				EFC321DA19536790003BB6D7 /* Images.xcassets */,
				EFC321D119536790003BB6D7 /* Supporting Files */,
			);
			path = IBDesignable;
			sourceTree = "<group>";
		};
		EFC321D119536790003BB6D7 /* Supporting Files */ = {
			isa = PBXGroup;
			children = (
				EFC321D219536790003BB6D7 /* Info.plist */,
			);
			name = "Supporting Files";
			sourceTree = "<group>";
		};
		EFC321E319536790003BB6D7 /* IBDesignableTests */ = {
			isa = PBXGroup;
			children = (
				EFC321E619536790003BB6D7 /* IBDesignableTests.swift */,
				EFC321E419536790003BB6D7 /* Supporting Files */,
			);
			path = IBDesignableTests;
			sourceTree = "<group>";
		};
		EFC321E419536790003BB6D7 /* Supporting Files */ = {
			isa = PBXGroup;
			children = (
				EFC321E519536790003BB6D7 /* Info.plist */,
			);
			name = "Supporting Files";
			sourceTree = "<group>";
		};
/* End PBXGroup section */

/* Begin PBXHeadersBuildPhase section */
		EF32072019536B030012DC22 /* Headers */ = {
			isa = PBXHeadersBuildPhase;
			buildActionMask = 2147483647;
			files = (
				EF32072819536B030012DC22 /* DesignableViews.h in Headers */,
			);
			runOnlyForDeploymentPostprocessing = 0;
		};
/* End PBXHeadersBuildPhase section */

/* Begin PBXNativeTarget section */
		EF32072219536B030012DC22 /* DesignableViews */ = {
			isa = PBXNativeTarget;
			buildConfigurationList = EF32074019536B030012DC22 /* Build configuration list for PBXNativeTarget "DesignableViews" */;
			buildPhases = (
				EF32071E19536B030012DC22 /* Sources */,
				EF32071F19536B030012DC22 /* Frameworks */,
				EF32072019536B030012DC22 /* Headers */,
				EF32072119536B030012DC22 /* Resources */,
			);
			buildRules = (
			);
			dependencies = (
			);
			name = DesignableViews;
			productName = DesignableViews;
			productReference = EF32072319536B030012DC22 /* DesignableViews.framework */;
			productType = "com.apple.product-type.framework";
		};
		EF32072C19536B030012DC22 /* DesignableViewsTests */ = {
			isa = PBXNativeTarget;
			buildConfigurationList = EF32074219536B030012DC22 /* Build configuration list for PBXNativeTarget "DesignableViewsTests" */;
			buildPhases = (
				EF32072919536B030012DC22 /* Sources */,
				EF32072A19536B030012DC22 /* Frameworks */,
				EF32072B19536B030012DC22 /* Resources */,
			);
			buildRules = (
			);
			dependencies = (
				EF32073019536B030012DC22 /* PBXTargetDependency */,
				EF32074419536B040012DC22 /* PBXTargetDependency */,
				EF2EC55019536BEF00B64831 /* PBXTargetDependency */,
			);
			name = DesignableViewsTests;
			productName = DesignableViewsTests;
			productReference = EF32072D19536B030012DC22 /* DesignableViewsTests.xctest */;
			productType = "com.apple.product-type.bundle.unit-test";
		};
		EFC321CD19536790003BB6D7 /* IBDesignable */ = {
			isa = PBXNativeTarget;
			buildConfigurationList = EFC321EA19536790003BB6D7 /* Build configuration list for PBXNativeTarget "IBDesignable" */;
			buildPhases = (
				EFC321CA19536790003BB6D7 /* Sources */,
				EFC321CB19536790003BB6D7 /* Frameworks */,
				EFC321CC19536790003BB6D7 /* Resources */,
				EF32074119536B030012DC22 /* Embed Frameworks */,
			);
			buildRules = (
			);
			dependencies = (
				EF32073719536B030012DC22 /* PBXTargetDependency */,
				EF32073B19536B030012DC22 /* PBXTargetDependency */,
			);
			name = IBDesignable;
			productName = IBDesignable;
			productReference = EFC321CE19536790003BB6D7 /* IBDesignable.app */;
			productType = "com.apple.product-type.application";
		};
		EFC321DF19536790003BB6D7 /* IBDesignableTests */ = {
			isa = PBXNativeTarget;
			buildConfigurationList = EFC321ED19536790003BB6D7 /* Build configuration list for PBXNativeTarget "IBDesignableTests" */;
			buildPhases = (
				EFC321DC19536790003BB6D7 /* Sources */,
				EFC321DD19536790003BB6D7 /* Frameworks */,
				EFC321DE19536790003BB6D7 /* Resources */,
			);
			buildRules = (
			);
			dependencies = (
				EFC321E219536790003BB6D7 /* PBXTargetDependency */,
			);
			name = IBDesignableTests;
			productName = IBDesignableTests;
			productReference = EFC321E019536790003BB6D7 /* IBDesignableTests.xctest */;
			productType = "com.apple.product-type.bundle.unit-test";
		};
/* End PBXNativeTarget section */

/* Begin PBXProject section */
		EFC321C619536790003BB6D7 /* Project object */ = {
			isa = PBXProject;
			attributes = {
				LastUpgradeCheck = 0600;
				ORGANIZATIONNAME = "Learn Swift";
				TargetAttributes = {
					EF32072219536B030012DC22 = {
						CreatedOnToolsVersion = 6.0;
					};
					EF32072C19536B030012DC22 = {
						CreatedOnToolsVersion = 6.0;
						TestTargetID = EF32072219536B030012DC22;
					};
					EFC321CD19536790003BB6D7 = {
						CreatedOnToolsVersion = 6.0;
					};
					EFC321DF19536790003BB6D7 = {
						CreatedOnToolsVersion = 6.0;
						TestTargetID = EFC321CD19536790003BB6D7;
					};
				};
			};
			buildConfigurationList = EFC321C919536790003BB6D7 /* Build configuration list for PBXProject "IBDesignable" */;
			compatibilityVersion = "Xcode 3.2";
			developmentRegion = English;
			hasScannedForEncodings = 0;
			knownRegions = (
				en,
				Base,
			);
			mainGroup = EFC321C519536790003BB6D7;
			productRefGroup = EFC321CF19536790003BB6D7 /* Products */;
			projectDirPath = "";
			projectRoot = "";
			targets = (
				EFC321CD19536790003BB6D7 /* IBDesignable */,
				EFC321DF19536790003BB6D7 /* IBDesignableTests */,
				EF32072219536B030012DC22 /* DesignableViews */,
				EF32072C19536B030012DC22 /* DesignableViewsTests */,
			);
		};
/* End PBXProject section */

/* Begin PBXResourcesBuildPhase section */
		EF32072119536B030012DC22 /* Resources */ = {
			isa = PBXResourcesBuildPhase;
			buildActionMask = 2147483647;
			files = (
			);
			runOnlyForDeploymentPostprocessing = 0;
		};
		EF32072B19536B030012DC22 /* Resources */ = {
			isa = PBXResourcesBuildPhase;
			buildActionMask = 2147483647;
			files = (
			);
			runOnlyForDeploymentPostprocessing = 0;
		};
		EFC321CC19536790003BB6D7 /* Resources */ = {
			isa = PBXResourcesBuildPhase;
			buildActionMask = 2147483647;
			files = (
				EFC321D919536790003BB6D7 /* Main.storyboard in Resources */,
				EFC321DB19536790003BB6D7 /* Images.xcassets in Resources */,
				EFE81BA219536D5C003E8380 /* checkers.png in Resources */,
			);
			runOnlyForDeploymentPostprocessing = 0;
		};
		EFC321DE19536790003BB6D7 /* Resources */ = {
			isa = PBXResourcesBuildPhase;
			buildActionMask = 2147483647;
			files = (
			);
			runOnlyForDeploymentPostprocessing = 0;
		};
/* End PBXResourcesBuildPhase section */

/* Begin PBXSourcesBuildPhase section */
		EF32071E19536B030012DC22 /* Sources */ = {
			isa = PBXSourcesBuildPhase;
			buildActionMask = 2147483647;
			files = (
				EF2EC54E19536B9B00B64831 /* DesignableView.swift in Sources */,
			);
			runOnlyForDeploymentPostprocessing = 0;
		};
		EF32072919536B030012DC22 /* Sources */ = {
			isa = PBXSourcesBuildPhase;
			buildActionMask = 2147483647;
			files = (
				EF32073519536B030012DC22 /* DesignableViewsTests.swift in Sources */,
			);
			runOnlyForDeploymentPostprocessing = 0;
		};
		EFC321CA19536790003BB6D7 /* Sources */ = {
			isa = PBXSourcesBuildPhase;
			buildActionMask = 2147483647;
			files = (
				EFC321D619536790003BB6D7 /* ViewController.swift in Sources */,
				EFC321D419536790003BB6D7 /* AppDelegate.swift in Sources */,
			);
			runOnlyForDeploymentPostprocessing = 0;
		};
		EFC321DC19536790003BB6D7 /* Sources */ = {
			isa = PBXSourcesBuildPhase;
			buildActionMask = 2147483647;
			files = (
				EFC321E719536790003BB6D7 /* IBDesignableTests.swift in Sources */,
			);
			runOnlyForDeploymentPostprocessing = 0;
		};
/* End PBXSourcesBuildPhase section */

/* Begin PBXTargetDependency section */
		EF2EC55019536BEF00B64831 /* PBXTargetDependency */ = {
			isa = PBXTargetDependency;
			target = EF32072219536B030012DC22 /* DesignableViews */;
			targetProxy = EF2EC54F19536BEF00B64831 /* PBXContainerItemProxy */;
		};
		EF32073019536B030012DC22 /* PBXTargetDependency */ = {
			isa = PBXTargetDependency;
			target = EF32072219536B030012DC22 /* DesignableViews */;
			targetProxy = EF32072F19536B030012DC22 /* PBXContainerItemProxy */;
		};
		EF32073719536B030012DC22 /* PBXTargetDependency */ = {
			isa = PBXTargetDependency;
			target = EF32072219536B030012DC22 /* DesignableViews */;
			targetProxy = EF32073619536B030012DC22 /* PBXContainerItemProxy */;
		};
		EF32073B19536B030012DC22 /* PBXTargetDependency */ = {
			isa = PBXTargetDependency;
			target = EF32072219536B030012DC22 /* DesignableViews */;
			targetProxy = EF32073A19536B030012DC22 /* PBXContainerItemProxy */;
		};
		EF32074419536B040012DC22 /* PBXTargetDependency */ = {
			isa = PBXTargetDependency;
			target = EF32072219536B030012DC22 /* DesignableViews */;
			targetProxy = EF32074319536B040012DC22 /* PBXContainerItemProxy */;
		};
		EFC321E219536790003BB6D7 /* PBXTargetDependency */ = {
			isa = PBXTargetDependency;
			target = EFC321CD19536790003BB6D7 /* IBDesignable */;
			targetProxy = EFC321E119536790003BB6D7 /* PBXContainerItemProxy */;
		};
/* End PBXTargetDependency section */

/* Begin PBXVariantGroup section */
		EFC321D719536790003BB6D7 /* Main.storyboard */ = {
			isa = PBXVariantGroup;
			children = (
				EFC321D819536790003BB6D7 /* Base */,
			);
			name = Main.storyboard;
			sourceTree = "<group>";
		};
/* End PBXVariantGroup section */

/* Begin XCBuildConfiguration section */
		EF32073C19536B030012DC22 /* Debug */ = {
			isa = XCBuildConfiguration;
			buildSettings = {
				CURRENT_PROJECT_VERSION = 1;
				DEFINES_MODULE = YES;
				DYLIB_COMPATIBILITY_VERSION = 1;
				DYLIB_CURRENT_VERSION = 1;
				DYLIB_INSTALL_NAME_BASE = "@rpath";
				GCC_PREPROCESSOR_DEFINITIONS = (
					"DEBUG=1",
					"$(inherited)",
				);
				INFOPLIST_FILE = DesignableViews/Info.plist;
				INSTALL_PATH = "$(LOCAL_LIBRARY_DIR)/Frameworks";
				LD_RUNPATH_SEARCH_PATHS = "$(inherited) @executable_path/Frameworks @loader_path/Frameworks";
				METAL_ENABLE_DEBUG_INFO = YES;
				PRODUCT_NAME = "$(TARGET_NAME)";
				SKIP_INSTALL = YES;
				VERSIONING_SYSTEM = "apple-generic";
				VERSION_INFO_PREFIX = "";
			};
			name = Debug;
		};
		EF32073D19536B030012DC22 /* Release */ = {
			isa = XCBuildConfiguration;
			buildSettings = {
				CURRENT_PROJECT_VERSION = 1;
				DEFINES_MODULE = YES;
				DYLIB_COMPATIBILITY_VERSION = 1;
				DYLIB_CURRENT_VERSION = 1;
				DYLIB_INSTALL_NAME_BASE = "@rpath";
				INFOPLIST_FILE = DesignableViews/Info.plist;
				INSTALL_PATH = "$(LOCAL_LIBRARY_DIR)/Frameworks";
				LD_RUNPATH_SEARCH_PATHS = "$(inherited) @executable_path/Frameworks @loader_path/Frameworks";
				METAL_ENABLE_DEBUG_INFO = NO;
				PRODUCT_NAME = "$(TARGET_NAME)";
				SKIP_INSTALL = YES;
				VERSIONING_SYSTEM = "apple-generic";
				VERSION_INFO_PREFIX = "";
			};
			name = Release;
		};
		EF32073E19536B030012DC22 /* Debug */ = {
			isa = XCBuildConfiguration;
			buildSettings = {
				FRAMEWORK_SEARCH_PATHS = (
					"$(SDKROOT)/Developer/Library/Frameworks",
					"$(inherited)",
				);
				GCC_PREPROCESSOR_DEFINITIONS = (
					"DEBUG=1",
					"$(inherited)",
				);
				INFOPLIST_FILE = DesignableViewsTests/Info.plist;
				LD_RUNPATH_SEARCH_PATHS = "$(inherited) @executable_path/Frameworks @loader_path/Frameworks";
				METAL_ENABLE_DEBUG_INFO = YES;
				PRODUCT_NAME = "$(TARGET_NAME)";
			};
			name = Debug;
		};
		EF32073F19536B030012DC22 /* Release */ = {
			isa = XCBuildConfiguration;
			buildSettings = {
				FRAMEWORK_SEARCH_PATHS = (
					"$(SDKROOT)/Developer/Library/Frameworks",
					"$(inherited)",
				);
				INFOPLIST_FILE = DesignableViewsTests/Info.plist;
				LD_RUNPATH_SEARCH_PATHS = "$(inherited) @executable_path/Frameworks @loader_path/Frameworks";
				METAL_ENABLE_DEBUG_INFO = NO;
				PRODUCT_NAME = "$(TARGET_NAME)";
			};
			name = Release;
		};
		EFC321E819536790003BB6D7 /* Debug */ = {
			isa = XCBuildConfiguration;
			buildSettings = {
				ALWAYS_SEARCH_USER_PATHS = NO;
				CLANG_CXX_LANGUAGE_STANDARD = "gnu++0x";
				CLANG_CXX_LIBRARY = "libc++";
				CLANG_ENABLE_MODULES = YES;
				CLANG_ENABLE_OBJC_ARC = YES;
				CLANG_WARN_BOOL_CONVERSION = YES;
				CLANG_WARN_CONSTANT_CONVERSION = YES;
				CLANG_WARN_DIRECT_OBJC_ISA_USAGE = YES_ERROR;
				CLANG_WARN_EMPTY_BODY = YES;
				CLANG_WARN_ENUM_CONVERSION = YES;
				CLANG_WARN_INT_CONVERSION = YES;
				CLANG_WARN_OBJC_ROOT_CLASS = YES_ERROR;
				CLANG_WARN_UNREACHABLE_CODE = YES;
				CLANG_WARN__DUPLICATE_METHOD_MATCH = YES;
				"CODE_SIGN_IDENTITY[sdk=iphoneos*]" = "iPhone Developer";
				COPY_PHASE_STRIP = NO;
				ENABLE_STRICT_OBJC_MSGSEND = YES;
				GCC_C_LANGUAGE_STANDARD = gnu99;
				GCC_DYNAMIC_NO_PIC = NO;
				GCC_OPTIMIZATION_LEVEL = 0;
				GCC_PREPROCESSOR_DEFINITIONS = (
					"DEBUG=1",
					"$(inherited)",
				);
				GCC_SYMBOLS_PRIVATE_EXTERN = NO;
				GCC_WARN_64_TO_32_BIT_CONVERSION = YES;
				GCC_WARN_ABOUT_RETURN_TYPE = YES_ERROR;
				GCC_WARN_UNDECLARED_SELECTOR = YES;
				GCC_WARN_UNINITIALIZED_AUTOS = YES_AGGRESSIVE;
				GCC_WARN_UNUSED_FUNCTION = YES;
				GCC_WARN_UNUSED_VARIABLE = YES;
				IPHONEOS_DEPLOYMENT_TARGET = 8.0;
				METAL_ENABLE_DEBUG_INFO = YES;
				ONLY_ACTIVE_ARCH = YES;
				SDKROOT = iphoneos;
				SWIFT_OPTIMIZATION_LEVEL = "-Onone";
				TARGETED_DEVICE_FAMILY = "1,2";
			};
			name = Debug;
		};
		EFC321E919536790003BB6D7 /* Release */ = {
			isa = XCBuildConfiguration;
			buildSettings = {
				ALWAYS_SEARCH_USER_PATHS = NO;
				CLANG_CXX_LANGUAGE_STANDARD = "gnu++0x";
				CLANG_CXX_LIBRARY = "libc++";
				CLANG_ENABLE_MODULES = YES;
				CLANG_ENABLE_OBJC_ARC = YES;
				CLANG_WARN_BOOL_CONVERSION = YES;
				CLANG_WARN_CONSTANT_CONVERSION = YES;
				CLANG_WARN_DIRECT_OBJC_ISA_USAGE = YES_ERROR;
				CLANG_WARN_EMPTY_BODY = YES;
				CLANG_WARN_ENUM_CONVERSION = YES;
				CLANG_WARN_INT_CONVERSION = YES;
				CLANG_WARN_OBJC_ROOT_CLASS = YES_ERROR;
				CLANG_WARN_UNREACHABLE_CODE = YES;
				CLANG_WARN__DUPLICATE_METHOD_MATCH = YES;
				"CODE_SIGN_IDENTITY[sdk=iphoneos*]" = "iPhone Developer";
				COPY_PHASE_STRIP = YES;
				ENABLE_NS_ASSERTIONS = NO;
				ENABLE_STRICT_OBJC_MSGSEND = YES;
				GCC_C_LANGUAGE_STANDARD = gnu99;
				GCC_WARN_64_TO_32_BIT_CONVERSION = YES;
				GCC_WARN_ABOUT_RETURN_TYPE = YES_ERROR;
				GCC_WARN_UNDECLARED_SELECTOR = YES;
				GCC_WARN_UNINITIALIZED_AUTOS = YES_AGGRESSIVE;
				GCC_WARN_UNUSED_FUNCTION = YES;
				GCC_WARN_UNUSED_VARIABLE = YES;
				IPHONEOS_DEPLOYMENT_TARGET = 8.0;
				METAL_ENABLE_DEBUG_INFO = NO;
				SDKROOT = iphoneos;
				TARGETED_DEVICE_FAMILY = "1,2";
				VALIDATE_PRODUCT = YES;
			};
			name = Release;
		};
		EFC321EB19536790003BB6D7 /* Debug */ = {
			isa = XCBuildConfiguration;
			buildSettings = {
				ASSETCATALOG_COMPILER_APPICON_NAME = AppIcon;
				ASSETCATALOG_COMPILER_LAUNCHIMAGE_NAME = LaunchImage;
				INFOPLIST_FILE = IBDesignable/Info.plist;
				LD_RUNPATH_SEARCH_PATHS = "$(inherited) @executable_path/Frameworks";
				PRODUCT_NAME = "$(TARGET_NAME)";
			};
			name = Debug;
		};
		EFC321EC19536790003BB6D7 /* Release */ = {
			isa = XCBuildConfiguration;
			buildSettings = {
				ASSETCATALOG_COMPILER_APPICON_NAME = AppIcon;
				ASSETCATALOG_COMPILER_LAUNCHIMAGE_NAME = LaunchImage;
				INFOPLIST_FILE = IBDesignable/Info.plist;
				LD_RUNPATH_SEARCH_PATHS = "$(inherited) @executable_path/Frameworks";
				PRODUCT_NAME = "$(TARGET_NAME)";
			};
			name = Release;
		};
		EFC321EE19536790003BB6D7 /* Debug */ = {
			isa = XCBuildConfiguration;
			buildSettings = {
				BUNDLE_LOADER = "$(BUILT_PRODUCTS_DIR)/IBDesignable.app/IBDesignable";
				FRAMEWORK_SEARCH_PATHS = (
					"$(SDKROOT)/Developer/Library/Frameworks",
					"$(inherited)",
				);
				GCC_PREPROCESSOR_DEFINITIONS = (
					"DEBUG=1",
					"$(inherited)",
				);
				INFOPLIST_FILE = IBDesignableTests/Info.plist;
				LD_RUNPATH_SEARCH_PATHS = "$(inherited) @executable_path/Frameworks @loader_path/Frameworks";
				METAL_ENABLE_DEBUG_INFO = YES;
				PRODUCT_NAME = "$(TARGET_NAME)";
				TEST_HOST = "$(BUNDLE_LOADER)";
			};
			name = Debug;
		};
		EFC321EF19536790003BB6D7 /* Release */ = {
			isa = XCBuildConfiguration;
			buildSettings = {
				BUNDLE_LOADER = "$(BUILT_PRODUCTS_DIR)/IBDesignable.app/IBDesignable";
				FRAMEWORK_SEARCH_PATHS = (
					"$(SDKROOT)/Developer/Library/Frameworks",
					"$(inherited)",
				);
				INFOPLIST_FILE = IBDesignableTests/Info.plist;
				LD_RUNPATH_SEARCH_PATHS = "$(inherited) @executable_path/Frameworks @loader_path/Frameworks";
				METAL_ENABLE_DEBUG_INFO = NO;
				PRODUCT_NAME = "$(TARGET_NAME)";
				TEST_HOST = "$(BUNDLE_LOADER)";
			};
			name = Release;
		};
/* End XCBuildConfiguration section */

/* Begin XCConfigurationList section */
		EF32074019536B030012DC22 /* Build configuration list for PBXNativeTarget "DesignableViews" */ = {
			isa = XCConfigurationList;
			buildConfigurations = (
				EF32073C19536B030012DC22 /* Debug */,
				EF32073D19536B030012DC22 /* Release */,
			);
			defaultConfigurationIsVisible = 0;
			defaultConfigurationName = Release;
		};
		EF32074219536B030012DC22 /* Build configuration list for PBXNativeTarget "DesignableViewsTests" */ = {
			isa = XCConfigurationList;
			buildConfigurations = (
				EF32073E19536B030012DC22 /* Debug */,
				EF32073F19536B030012DC22 /* Release */,
			);
			defaultConfigurationIsVisible = 0;
			defaultConfigurationName = Release;
		};
		EFC321C919536790003BB6D7 /* Build configuration list for PBXProject "IBDesignable" */ = {
			isa = XCConfigurationList;
			buildConfigurations = (
				EFC321E819536790003BB6D7 /* Debug */,
				EFC321E919536790003BB6D7 /* Release */,
			);
			defaultConfigurationIsVisible = 0;
			defaultConfigurationName = Release;
		};
		EFC321EA19536790003BB6D7 /* Build configuration list for PBXNativeTarget "IBDesignable" */ = {
			isa = XCConfigurationList;
			buildConfigurations = (
				EFC321EB19536790003BB6D7 /* Debug */,
				EFC321EC19536790003BB6D7 /* Release */,
			);
			defaultConfigurationIsVisible = 0;
			defaultConfigurationName = Release;
		};
		EFC321ED19536790003BB6D7 /* Build configuration list for PBXNativeTarget "IBDesignableTests" */ = {
			isa = XCConfigurationList;
			buildConfigurations = (
				EFC321EE19536790003BB6D7 /* Debug */,
				EFC321EF19536790003BB6D7 /* Release */,
			);
			defaultConfigurationIsVisible = 0;
			defaultConfigurationName = Release;
		};
/* End XCConfigurationList section */
	};
	rootObject = EFC321C619536790003BB6D7 /* Project object */;
}
